
Microsoft Visual Studio Solution File, Format Version 12.00
# Visual Studio Version 17
VisualStudioVersion = 17.0.32112.339
MinimumVisualStudioVersion = 10.0.40219.1
Project("{F184B08F-C81C-45F6-A57F-5ABD9991F28F}") = "201213082_IDIOMAS", "201213082_IDIOMAS.vbproj", "{D7E7073B-EDCD-4C9C-9398-94C45768C666}"
EndProject
Global
	GlobalSection(SolutionConfigurationPlatforms) = preSolution
		Debug|Any CPU = Debug|Any CPU
		Release|Any CPU = Release|Any CPU
	EndGlobalSection
	GlobalSection(ProjectConfigurationPlatforms) = postSolution
		{D7E7073B-EDCD-4C9C-9398-94C45768C666}.Debug|Any CPU.ActiveCfg = Debug|Any CPU
		{D7E7073B-EDCD-4C9C-9398-94C45768C666}.Debug|Any CPU.Build.0 = Debug|Any CPU
		{D7E7073B-EDCD-4C9C-9398-94C45768C666}.Release|Any CPU.ActiveCfg = Release|Any CPU
		{D7E7073B-EDCD-4C9C-9398-94C45768C666}.Release|Any CPU.Build.0 = Release|Any CPU
	EndGlobalSection
	GlobalSection(SolutionProperties) = preSolution
		HideSolutionNode = FALSE
	EndGlobalSection
	GlobalSection(ExtensibilityGlobals) = postSolution
		SolutionGuid = {17C9CF4C-47BD-4359-82FA-F6D0DEA771FD}
	EndGlobalSection
EndGlobal
